{
    "version": 3,
    "terraform_version": "0.11.11",
    "serial": 2,
    "lineage": "d04a0fd1-a3f5-9d13-e16c-5116d6f857da",
    "modules": [
        {
            "path": [
                "root"
            ],
            "outputs": {
                "bastion_id": {
                    "sensitive": false,
                    "type": "string",
                    "value": "ocid1.instance.oc1.iad.abuwcljsxumj7iippqnet4luw2itqpps3igdlyz3n7qqtbm3nixw7snetkeq"
                },
                "bastion_private_ip": {
                    "sensitive": false,
                    "type": "string",
                    "value": "10.0.0.2"
                },
                "bastion_public_ip": {
                    "sensitive": false,
                    "type": "string",
                    "value": "132.145.146.21"
                },
                "client_host_names": {
                    "sensitive": false,
                    "type": "list",
                    "value": [
                        "nis-client1",
                        "nis-client2"
                    ]
                },
                "client_ids": {
                    "sensitive": false,
                    "type": "list",
                    "value": [
                        "ocid1.instance.oc1.iad.abuwcljsw5bgtkbmiunkebkjzvmrz3fhpx2rubgkbbqqtghwewk6esv74nka",
                        "ocid1.instance.oc1.iad.abuwcljsxgrufjfdjimcjaemtua3uymjgpcd6odocvestc2wnv6ggmq2zlsa"
                    ]
                },
                "client_private_ips": {
                    "sensitive": false,
                    "type": "list",
                    "value": [
                        "10.0.0.19",
                        "10.0.0.18"
                    ]
                },
                "server_host_names": {
                    "sensitive": false,
                    "type": "list",
                    "value": [
                        "nis-server"
                    ]
                },
                "server_ids": {
                    "sensitive": false,
                    "type": "list",
                    "value": [
                        "ocid1.instance.oc1.iad.abuwcljsz2a25zddomx23bq7dfjbsidn3mgtk7fazpxwvyyzs23rafkpe3aq"
                    ]
                },
                "server_private_ips": {
                    "sensitive": false,
                    "type": "list",
                    "value": [
                        "10.0.1.2"
                    ]
                }
            },
            "resources": {
                "data.oci_identity_availability_domains.ad": {
                    "type": "oci_identity_availability_domains",
                    "depends_on": [],
                    "primary": {
                        "id": "2019-01-21 03:17:50.187718001 +0000 UTC",
                        "attributes": {
                            "availability_domains.#": "3",
                            "availability_domains.0.compartment_id": "ocid1.tenancy.oc1..aaaaaaaawgbzspd6cjovpmic7dahwbalg4opcbixgguo6z2s7t335m6lalbq",
                            "availability_domains.0.id": "ocid1.availabilitydomain.oc1..aaaaaaaaztunlny6ae4yw2vghp5go2zceaonwp6wiioe3tnh2vlaxjjl2n3a",
                            "availability_domains.0.name": "NyKp:US-ASHBURN-AD-1",
                            "availability_domains.1.compartment_id": "ocid1.tenancy.oc1..aaaaaaaawgbzspd6cjovpmic7dahwbalg4opcbixgguo6z2s7t335m6lalbq",
                            "availability_domains.1.id": "ocid1.availabilitydomain.oc1..aaaaaaaatrwxaogr7dl4yschqtrmqrdv6uzis3mgbnomiagqrfhcb7mxsfdq",
                            "availability_domains.1.name": "NyKp:US-ASHBURN-AD-2",
                            "availability_domains.2.compartment_id": "ocid1.tenancy.oc1..aaaaaaaawgbzspd6cjovpmic7dahwbalg4opcbixgguo6z2s7t335m6lalbq",
                            "availability_domains.2.id": "ocid1.availabilitydomain.oc1..aaaaaaaauvt2n7pijol7uqgdnnsoojcukrijtmcltvfwxazmitk235wyohta",
                            "availability_domains.2.name": "NyKp:US-ASHBURN-AD-3",
                            "compartment_id": "ocid1.tenancy.oc1..aaaaaaaawgbzspd6cjovpmic7dahwbalg4opcbixgguo6z2s7t335m6lalbq",
                            "id": "2019-01-21 03:17:50.187718001 +0000 UTC"
                        },
                        "meta": {},
                        "tainted": false
                    },
                    "deposed": [],
                    "provider": "provider.oci"
                },
                "data.template_file.ad_names.0": {
                    "type": "template_file",
                    "depends_on": [
                        "data.oci_identity_availability_domains.ad"
                    ],
                    "primary": {
                        "id": "d96b100731d6b6733b85022ded0a26007317965aa8329c87d5123c73b17a218d",
                        "attributes": {
                            "id": "d96b100731d6b6733b85022ded0a26007317965aa8329c87d5123c73b17a218d",
                            "rendered": "NyKp:US-ASHBURN-AD-1",
                            "template": "NyKp:US-ASHBURN-AD-1"
                        },
                        "meta": {},
                        "tainted": false
                    },
                    "deposed": [],
                    "provider": "provider.template"
                },
                "data.template_file.ad_names.1": {
                    "type": "template_file",
                    "depends_on": [
                        "data.oci_identity_availability_domains.ad"
                    ],
                    "primary": {
                        "id": "9561c55787414ba013292b8b0a326df2e9ba4e4231e157c4d4b8399600dd153e",
                        "attributes": {
                            "id": "9561c55787414ba013292b8b0a326df2e9ba4e4231e157c4d4b8399600dd153e",
                            "rendered": "NyKp:US-ASHBURN-AD-2",
                            "template": "NyKp:US-ASHBURN-AD-2"
                        },
                        "meta": {},
                        "tainted": false
                    },
                    "deposed": [],
                    "provider": "provider.template"
                },
                "data.template_file.ad_names.2": {
                    "type": "template_file",
                    "depends_on": [
                        "data.oci_identity_availability_domains.ad"
                    ],
                    "primary": {
                        "id": "85de2e89995530080ce76ea0760a43f4b5b5dca04dc5598fadf1afa8abe331b4",
                        "attributes": {
                            "id": "85de2e89995530080ce76ea0760a43f4b5b5dca04dc5598fadf1afa8abe331b4",
                            "rendered": "NyKp:US-ASHBURN-AD-3",
                            "template": "NyKp:US-ASHBURN-AD-3"
                        },
                        "meta": {},
                        "tainted": false
                    },
                    "deposed": [],
                    "provider": "provider.template"
                },
                "oci_core_instance.NisBastion": {
                    "type": "oci_core_instance",
                    "depends_on": [
                        "data.template_file.ad_names.*",
                        "oci_core_subnet.BastionSubnet"
                    ],
                    "primary": {
                        "id": "ocid1.instance.oc1.iad.abuwcljsxumj7iippqnet4luw2itqpps3igdlyz3n7qqtbm3nixw7snetkeq",
                        "attributes": {
                            "availability_domain": "NyKp:US-ASHBURN-AD-1",
                            "boot_volume_id": "ocid1.bootvolume.oc1.iad.abuwcljslfqi45eqo4hidz2dpuntwcn4ythluy34z443ihyresmznkztcdpq",
                            "compartment_id": "ocid1.compartment.oc1..aaaaaaaawzlfllc7kkf62dzkes75urrxfxppz5fjphx27a7k5fk5jnzvyhiq",
                            "create_vnic_details.#": "1",
                            "create_vnic_details.0.assign_public_ip": "true",
                            "create_vnic_details.0.defined_tags.%": "0",
                            "create_vnic_details.0.display_name": "nis-bastion",
                            "create_vnic_details.0.freeform_tags.%": "0",
                            "create_vnic_details.0.hostname_label": "",
                            "create_vnic_details.0.private_ip": "10.0.0.2",
                            "create_vnic_details.0.skip_source_dest_check": "false",
                            "create_vnic_details.0.subnet_id": "ocid1.subnet.oc1.iad.aaaaaaaawgdyhjjvigknbthmstuvw5jisyiknur2wfjn4k3udnerflhwm4cq",
                            "defined_tags.%": "0",
                            "display_name": "nis-bastion",
                            "fault_domain": "FAULT-DOMAIN-1",
                            "freeform_tags.%": "0",
                            "hostname_label": "",
                            "id": "ocid1.instance.oc1.iad.abuwcljsxumj7iippqnet4luw2itqpps3igdlyz3n7qqtbm3nixw7snetkeq",
                            "image": "ocid1.image.oc1.iad.aaaaaaaageeenzyuxgia726xur4ztaoxbxyjlxogdhreu3ngfj2gji3bayda",
                            "launch_mode": "NATIVE",
                            "launch_options.#": "1",
                            "launch_options.0.boot_volume_type": "PARAVIRTUALIZED",
                            "launch_options.0.firmware": "UEFI_64",
                            "launch_options.0.is_pv_encryption_in_transit_enabled": "true",
                            "launch_options.0.network_type": "VFIO",
                            "launch_options.0.remote_data_volume_type": "PARAVIRTUALIZED",
                            "metadata.%": "1",
                            "metadata.ssh_authorized_keys": "ssh-rsa AAAAB3NzaC1yc2EAAAADAQABAAABAQDPzYpYMixwDTjFk7DCfI8DkGmExZ9oXXfZ1yEweQbwxks7f13+SKooQqvJXEW0BOSW2PC/myS4AZ7E4wxKaXROtObtXVi87ekegR6TNjskWkwgC5sfSUxsJxCtsm3jIJOJx9km3pXNC+E/82IeOFFJfuXTeh8Gr12fnS6dREzxSay3sn4KOum/YuwV+MEj00w5Dv4+f7lm0XOewNdbrCaTT89j/9yOQu5ylEoL7eiWalAYTaAiNbC+yHt/CCm4FxkY2HJUYPS6i93QbXLl5UxuLDN7jkCfwMkDZE5xl+6q4/WwBE7i9wbnWoM4K9j0cjXYdhjCAxwDt3VS5nWAHElL opc@ying-terraformldap\n",
                            "private_ip": "10.0.0.2",
                            "public_ip": "132.145.146.21",
                            "region": "iad",
                            "shape": "VM.Standard2.1",
                            "source_details.#": "1",
                            "source_details.0.boot_volume_size_in_gbs": "47",
                            "source_details.0.kms_key_id": "",
                            "source_details.0.source_id": "ocid1.image.oc1.iad.aaaaaaaageeenzyuxgia726xur4ztaoxbxyjlxogdhreu3ngfj2gji3bayda",
                            "source_details.0.source_type": "image",
                            "state": "RUNNING",
                            "subnet_id": "ocid1.subnet.oc1.iad.aaaaaaaawgdyhjjvigknbthmstuvw5jisyiknur2wfjn4k3udnerflhwm4cq",
                            "time_created": "2019-01-21 03:18:04.363 +0000 UTC",
                            "time_maintenance_reboot_due": ""
                        },
                        "meta": {
                            "e2bfb730-ecaa-11e6-8f88-34363bc7c4c0": {
                                "create": 7200000000000,
                                "delete": 7200000000000,
                                "update": 7200000000000
                            }
                        },
                        "tainted": false
                    },
                    "deposed": [],
                    "provider": "provider.oci"
                },
                "oci_core_internet_gateway.NISInternetG": {
                    "type": "oci_core_internet_gateway",
                    "depends_on": [
                        "oci_core_virtual_network.NISVCN"
                    ],
                    "primary": {
                        "id": "ocid1.internetgateway.oc1.iad.aaaaaaaafsy52iz7vxloyi2kvolx4qo63hucfgkz3wohrlkhehwt7lzdzexq",
                        "attributes": {
                            "compartment_id": "ocid1.compartment.oc1..aaaaaaaawzlfllc7kkf62dzkes75urrxfxppz5fjphx27a7k5fk5jnzvyhiq",
                            "defined_tags.%": "0",
                            "display_name": "NISInternetG",
                            "enabled": "true",
                            "freeform_tags.%": "0",
                            "id": "ocid1.internetgateway.oc1.iad.aaaaaaaafsy52iz7vxloyi2kvolx4qo63hucfgkz3wohrlkhehwt7lzdzexq",
                            "state": "AVAILABLE",
                            "time_created": "2019-01-21 03:17:56.438 +0000 UTC",
                            "vcn_id": "ocid1.vcn.oc1.iad.aaaaaaaa4l3zwiecvq473o5z4ubx2y4hqtlwgbzsr2ws5nrysxqiob4lp4dq"
                        },
                        "meta": {
                            "e2bfb730-ecaa-11e6-8f88-34363bc7c4c0": {
                                "create": 900000000000,
                                "delete": 900000000000,
                                "update": 900000000000
                            }
                        },
                        "tainted": false
                    },
                    "deposed": [],
                    "provider": "provider.oci"
                },
                "oci_core_nat_gateway.NISNatG": {
                    "type": "oci_core_nat_gateway",
                    "depends_on": [
                        "oci_core_virtual_network.NISVCN"
                    ],
                    "primary": {
                        "id": "ocid1.natgateway.oc1.iad.aaaaaaaabwjxrfayjy7hs6s5q22s5nx7ax5qnlrizukvujtyqtqzicpe7vcq",
                        "attributes": {
                            "block_traffic": "false",
                            "compartment_id": "ocid1.compartment.oc1..aaaaaaaawzlfllc7kkf62dzkes75urrxfxppz5fjphx27a7k5fk5jnzvyhiq",
                            "defined_tags.%": "0",
                            "display_name": "NISNatG",
                            "freeform_tags.%": "0",
                            "id": "ocid1.natgateway.oc1.iad.aaaaaaaabwjxrfayjy7hs6s5q22s5nx7ax5qnlrizukvujtyqtqzicpe7vcq",
                            "nat_ip": "129.213.199.49",
                            "state": "AVAILABLE",
                            "time_created": "2019-01-21 03:17:57.37 +0000 UTC",
                            "vcn_id": "ocid1.vcn.oc1.iad.aaaaaaaa4l3zwiecvq473o5z4ubx2y4hqtlwgbzsr2ws5nrysxqiob4lp4dq"
                        },
                        "meta": {
                            "e2bfb730-ecaa-11e6-8f88-34363bc7c4c0": {
                                "create": 900000000000,
                                "delete": 900000000000,
                                "update": 900000000000
                            }
                        },
                        "tainted": false
                    },
                    "deposed": [],
                    "provider": "provider.oci"
                },
                "oci_core_route_table.PrivateRouteTable": {
                    "type": "oci_core_route_table",
                    "depends_on": [
                        "oci_core_nat_gateway.NISNatG",
                        "oci_core_virtual_network.NISVCN"
                    ],
                    "primary": {
                        "id": "ocid1.routetable.oc1.iad.aaaaaaaabcfh6vnd5v5aeoc6k4f4nyuhffvbpvm74kv2bokcmc6iuenriibq",
                        "attributes": {
                            "compartment_id": "ocid1.compartment.oc1..aaaaaaaawzlfllc7kkf62dzkes75urrxfxppz5fjphx27a7k5fk5jnzvyhiq",
                            "defined_tags.%": "0",
                            "display_name": "PrivateRouteTable",
                            "freeform_tags.%": "0",
                            "id": "ocid1.routetable.oc1.iad.aaaaaaaabcfh6vnd5v5aeoc6k4f4nyuhffvbpvm74kv2bokcmc6iuenriibq",
                            "route_rules.#": "1",
                            "route_rules.2102915163.cidr_block": "0.0.0.0/0",
                            "route_rules.2102915163.destination": "0.0.0.0/0",
                            "route_rules.2102915163.destination_type": "CIDR_BLOCK",
                            "route_rules.2102915163.network_entity_id": "ocid1.natgateway.oc1.iad.aaaaaaaabwjxrfayjy7hs6s5q22s5nx7ax5qnlrizukvujtyqtqzicpe7vcq",
                            "state": "AVAILABLE",
                            "time_created": "2019-01-21 03:17:58.747 +0000 UTC",
                            "vcn_id": "ocid1.vcn.oc1.iad.aaaaaaaa4l3zwiecvq473o5z4ubx2y4hqtlwgbzsr2ws5nrysxqiob4lp4dq"
                        },
                        "meta": {
                            "e2bfb730-ecaa-11e6-8f88-34363bc7c4c0": {
                                "create": 900000000000,
                                "delete": 900000000000,
                                "update": 900000000000
                            }
                        },
                        "tainted": false
                    },
                    "deposed": [],
                    "provider": "provider.oci"
                },
                "oci_core_route_table.PublicRouteTable": {
                    "type": "oci_core_route_table",
                    "depends_on": [
                        "oci_core_internet_gateway.NISInternetG",
                        "oci_core_virtual_network.NISVCN"
                    ],
                    "primary": {
                        "id": "ocid1.routetable.oc1.iad.aaaaaaaa4esa3o7no6rljedh4oapr3snt7fjovsbbiic4p3qgov5d7cdq3oa",
                        "attributes": {
                            "compartment_id": "ocid1.compartment.oc1..aaaaaaaawzlfllc7kkf62dzkes75urrxfxppz5fjphx27a7k5fk5jnzvyhiq",
                            "defined_tags.%": "0",
                            "display_name": "PublicRouteTable",
                            "freeform_tags.%": "0",
                            "id": "ocid1.routetable.oc1.iad.aaaaaaaa4esa3o7no6rljedh4oapr3snt7fjovsbbiic4p3qgov5d7cdq3oa",
                            "route_rules.#": "1",
                            "route_rules.3842661125.cidr_block": "0.0.0.0/0",
                            "route_rules.3842661125.destination": "0.0.0.0/0",
                            "route_rules.3842661125.destination_type": "CIDR_BLOCK",
                            "route_rules.3842661125.network_entity_id": "ocid1.internetgateway.oc1.iad.aaaaaaaafsy52iz7vxloyi2kvolx4qo63hucfgkz3wohrlkhehwt7lzdzexq",
                            "state": "AVAILABLE",
                            "time_created": "2019-01-21 03:17:57.2 +0000 UTC",
                            "vcn_id": "ocid1.vcn.oc1.iad.aaaaaaaa4l3zwiecvq473o5z4ubx2y4hqtlwgbzsr2ws5nrysxqiob4lp4dq"
                        },
                        "meta": {
                            "e2bfb730-ecaa-11e6-8f88-34363bc7c4c0": {
                                "create": 900000000000,
                                "delete": 900000000000,
                                "update": 900000000000
                            }
                        },
                        "tainted": false
                    },
                    "deposed": [],
                    "provider": "provider.oci"
                },
                "oci_core_security_list.BastionSeclist": {
                    "type": "oci_core_security_list",
                    "depends_on": [
                        "oci_core_virtual_network.NISVCN"
                    ],
                    "primary": {
                        "id": "ocid1.securitylist.oc1.iad.aaaaaaaaqen4f5gsxff2hcagoliuti3vtjcz3pxkcekdncy3ifjs7sxi55uq",
                        "attributes": {
                            "compartment_id": "ocid1.compartment.oc1..aaaaaaaawzlfllc7kkf62dzkes75urrxfxppz5fjphx27a7k5fk5jnzvyhiq",
                            "defined_tags.%": "0",
                            "display_name": "BastionSeclist",
                            "egress_security_rules.#": "1",
                            "egress_security_rules.1677967328.destination": "10.0.0.0/16",
                            "egress_security_rules.1677967328.destination_type": "CIDR_BLOCK",
                            "egress_security_rules.1677967328.icmp_options.#": "0",
                            "egress_security_rules.1677967328.protocol": "6",
                            "egress_security_rules.1677967328.stateless": "false",
                            "egress_security_rules.1677967328.tcp_options.#": "1",
                            "egress_security_rules.1677967328.tcp_options.0.max": "22",
                            "egress_security_rules.1677967328.tcp_options.0.min": "22",
                            "egress_security_rules.1677967328.tcp_options.0.source_port_range.#": "0",
                            "egress_security_rules.1677967328.udp_options.#": "0",
                            "freeform_tags.%": "0",
                            "id": "ocid1.securitylist.oc1.iad.aaaaaaaaqen4f5gsxff2hcagoliuti3vtjcz3pxkcekdncy3ifjs7sxi55uq",
                            "ingress_security_rules.#": "1",
                            "ingress_security_rules.47193274.icmp_options.#": "0",
                            "ingress_security_rules.47193274.protocol": "6",
                            "ingress_security_rules.47193274.source": "0.0.0.0/0",
                            "ingress_security_rules.47193274.source_type": "CIDR_BLOCK",
                            "ingress_security_rules.47193274.stateless": "false",
                            "ingress_security_rules.47193274.tcp_options.#": "1",
                            "ingress_security_rules.47193274.tcp_options.0.max": "22",
                            "ingress_security_rules.47193274.tcp_options.0.min": "22",
                            "ingress_security_rules.47193274.tcp_options.0.source_port_range.#": "0",
                            "ingress_security_rules.47193274.udp_options.#": "0",
                            "state": "AVAILABLE",
                            "time_created": "2019-01-21 03:17:57.052 +0000 UTC",
                            "vcn_id": "ocid1.vcn.oc1.iad.aaaaaaaa4l3zwiecvq473o5z4ubx2y4hqtlwgbzsr2ws5nrysxqiob4lp4dq"
                        },
                        "meta": {
                            "e2bfb730-ecaa-11e6-8f88-34363bc7c4c0": {
                                "create": 900000000000,
                                "delete": 900000000000,
                                "update": 900000000000
                            }
                        },
                        "tainted": false
                    },
                    "deposed": [],
                    "provider": "provider.oci"
                },
                "oci_core_security_list.PrivateSeclist": {
                    "type": "oci_core_security_list",
                    "depends_on": [
                        "oci_core_virtual_network.NISVCN"
                    ],
                    "primary": {
                        "id": "ocid1.securitylist.oc1.iad.aaaaaaaapecpuj2ejjcnhox5374glt727fhzwuwvzonms76uwlzl5ellw7jq",
                        "attributes": {
                            "compartment_id": "ocid1.compartment.oc1..aaaaaaaawzlfllc7kkf62dzkes75urrxfxppz5fjphx27a7k5fk5jnzvyhiq",
                            "defined_tags.%": "0",
                            "display_name": "PrivateSeclist",
                            "egress_security_rules.#": "1",
                            "egress_security_rules.1582479153.destination": "0.0.0.0/0",
                            "egress_security_rules.1582479153.destination_type": "CIDR_BLOCK",
                            "egress_security_rules.1582479153.icmp_options.#": "0",
                            "egress_security_rules.1582479153.protocol": "all",
                            "egress_security_rules.1582479153.stateless": "false",
                            "egress_security_rules.1582479153.tcp_options.#": "0",
                            "egress_security_rules.1582479153.udp_options.#": "0",
                            "freeform_tags.%": "0",
                            "id": "ocid1.securitylist.oc1.iad.aaaaaaaapecpuj2ejjcnhox5374glt727fhzwuwvzonms76uwlzl5ellw7jq",
                            "ingress_security_rules.#": "8",
                            "ingress_security_rules.1077022277.icmp_options.#": "0",
                            "ingress_security_rules.1077022277.protocol": "17",
                            "ingress_security_rules.1077022277.source": "0.0.0.0/0",
                            "ingress_security_rules.1077022277.source_type": "CIDR_BLOCK",
                            "ingress_security_rules.1077022277.stateless": "false",
                            "ingress_security_rules.1077022277.tcp_options.#": "0",
                            "ingress_security_rules.1077022277.udp_options.#": "1",
                            "ingress_security_rules.1077022277.udp_options.0.max": "945",
                            "ingress_security_rules.1077022277.udp_options.0.min": "945",
                            "ingress_security_rules.1077022277.udp_options.0.source_port_range.#": "0",
                            "ingress_security_rules.1533354662.icmp_options.#": "0",
                            "ingress_security_rules.1533354662.protocol": "6",
                            "ingress_security_rules.1533354662.source": "0.0.0.0/0",
                            "ingress_security_rules.1533354662.source_type": "CIDR_BLOCK",
                            "ingress_security_rules.1533354662.stateless": "false",
                            "ingress_security_rules.1533354662.tcp_options.#": "1",
                            "ingress_security_rules.1533354662.tcp_options.0.max": "945",
                            "ingress_security_rules.1533354662.tcp_options.0.min": "945",
                            "ingress_security_rules.1533354662.tcp_options.0.source_port_range.#": "0",
                            "ingress_security_rules.1533354662.udp_options.#": "0",
                            "ingress_security_rules.2300756034.icmp_options.#": "0",
                            "ingress_security_rules.2300756034.protocol": "6",
                            "ingress_security_rules.2300756034.source": "0.0.0.0/0",
                            "ingress_security_rules.2300756034.source_type": "CIDR_BLOCK",
                            "ingress_security_rules.2300756034.stateless": "false",
                            "ingress_security_rules.2300756034.tcp_options.#": "1",
                            "ingress_security_rules.2300756034.tcp_options.0.max": "944",
                            "ingress_security_rules.2300756034.tcp_options.0.min": "944",
                            "ingress_security_rules.2300756034.tcp_options.0.source_port_range.#": "0",
                            "ingress_security_rules.2300756034.udp_options.#": "0",
                            "ingress_security_rules.2457201825.icmp_options.#": "0",
                            "ingress_security_rules.2457201825.protocol": "17",
                            "ingress_security_rules.2457201825.source": "0.0.0.0/0",
                            "ingress_security_rules.2457201825.source_type": "CIDR_BLOCK",
                            "ingress_security_rules.2457201825.stateless": "false",
                            "ingress_security_rules.2457201825.tcp_options.#": "0",
                            "ingress_security_rules.2457201825.udp_options.#": "1",
                            "ingress_security_rules.2457201825.udp_options.0.max": "944",
                            "ingress_security_rules.2457201825.udp_options.0.min": "944",
                            "ingress_security_rules.2457201825.udp_options.0.source_port_range.#": "0",
                            "ingress_security_rules.3862592418.icmp_options.#": "0",
                            "ingress_security_rules.3862592418.protocol": "6",
                            "ingress_security_rules.3862592418.source": "0.0.0.0/0",
                            "ingress_security_rules.3862592418.source_type": "CIDR_BLOCK",
                            "ingress_security_rules.3862592418.stateless": "false",
                            "ingress_security_rules.3862592418.tcp_options.#": "1",
                            "ingress_security_rules.3862592418.tcp_options.0.max": "111",
                            "ingress_security_rules.3862592418.tcp_options.0.min": "111",
                            "ingress_security_rules.3862592418.tcp_options.0.source_port_range.#": "0",
                            "ingress_security_rules.3862592418.udp_options.#": "0",
                            "ingress_security_rules.3985321768.icmp_options.#": "0",
                            "ingress_security_rules.3985321768.protocol": "17",
                            "ingress_security_rules.3985321768.source": "0.0.0.0/0",
                            "ingress_security_rules.3985321768.source_type": "CIDR_BLOCK",
                            "ingress_security_rules.3985321768.stateless": "false",
                            "ingress_security_rules.3985321768.tcp_options.#": "0",
                            "ingress_security_rules.3985321768.udp_options.#": "1",
                            "ingress_security_rules.3985321768.udp_options.0.max": "946",
                            "ingress_security_rules.3985321768.udp_options.0.min": "946",
                            "ingress_security_rules.3985321768.udp_options.0.source_port_range.#": "0",
                            "ingress_security_rules.4251801409.icmp_options.#": "0",
                            "ingress_security_rules.4251801409.protocol": "17",
                            "ingress_security_rules.4251801409.source": "0.0.0.0/0",
                            "ingress_security_rules.4251801409.source_type": "CIDR_BLOCK",
                            "ingress_security_rules.4251801409.stateless": "false",
                            "ingress_security_rules.4251801409.tcp_options.#": "0",
                            "ingress_security_rules.4251801409.udp_options.#": "1",
                            "ingress_security_rules.4251801409.udp_options.0.max": "111",
                            "ingress_security_rules.4251801409.udp_options.0.min": "111",
                            "ingress_security_rules.4251801409.udp_options.0.source_port_range.#": "0",
                            "ingress_security_rules.47193274.icmp_options.#": "0",
                            "ingress_security_rules.47193274.protocol": "6",
                            "ingress_security_rules.47193274.source": "0.0.0.0/0",
                            "ingress_security_rules.47193274.source_type": "CIDR_BLOCK",
                            "ingress_security_rules.47193274.stateless": "false",
                            "ingress_security_rules.47193274.tcp_options.#": "1",
                            "ingress_security_rules.47193274.tcp_options.0.max": "22",
                            "ingress_security_rules.47193274.tcp_options.0.min": "22",
                            "ingress_security_rules.47193274.tcp_options.0.source_port_range.#": "0",
                            "ingress_security_rules.47193274.udp_options.#": "0",
                            "state": "AVAILABLE",
                            "time_created": "2019-01-21 03:17:57.177 +0000 UTC",
                            "vcn_id": "ocid1.vcn.oc1.iad.aaaaaaaa4l3zwiecvq473o5z4ubx2y4hqtlwgbzsr2ws5nrysxqiob4lp4dq"
                        },
                        "meta": {
                            "e2bfb730-ecaa-11e6-8f88-34363bc7c4c0": {
                                "create": 900000000000,
                                "delete": 900000000000,
                                "update": 900000000000
                            }
                        },
                        "tainted": false
                    },
                    "deposed": [],
                    "provider": "provider.oci"
                },
                "oci_core_subnet.BastionSubnet": {
                    "type": "oci_core_subnet",
                    "depends_on": [
                        "data.template_file.ad_names.*",
                        "oci_core_route_table.PublicRouteTable",
                        "oci_core_security_list.BastionSeclist",
                        "oci_core_virtual_network.NISVCN"
                    ],
                    "primary": {
                        "id": "ocid1.subnet.oc1.iad.aaaaaaaawgdyhjjvigknbthmstuvw5jisyiknur2wfjn4k3udnerflhwm4cq",
                        "attributes": {
                            "availability_domain": "NyKp:US-ASHBURN-AD-1",
                            "cidr_block": "10.0.0.0/30",
                            "compartment_id": "ocid1.compartment.oc1..aaaaaaaawzlfllc7kkf62dzkes75urrxfxppz5fjphx27a7k5fk5jnzvyhiq",
                            "defined_tags.%": "0",
                            "dhcp_options_id": "ocid1.dhcpoptions.oc1.iad.aaaaaaaamqloaovm5m4zt4bzbip7a6wbdfr6uyzr7tytdbekwccdgehtvvyq",
                            "display_name": "BastionSubnetAD",
                            "freeform_tags.%": "0",
                            "id": "ocid1.subnet.oc1.iad.aaaaaaaawgdyhjjvigknbthmstuvw5jisyiknur2wfjn4k3udnerflhwm4cq",
                            "prohibit_public_ip_on_vnic": "false",
                            "route_table_id": "ocid1.routetable.oc1.iad.aaaaaaaa4esa3o7no6rljedh4oapr3snt7fjovsbbiic4p3qgov5d7cdq3oa",
                            "security_list_ids.#": "1",
                            "security_list_ids.207263710": "ocid1.securitylist.oc1.iad.aaaaaaaaqen4f5gsxff2hcagoliuti3vtjcz3pxkcekdncy3ifjs7sxi55uq",
                            "state": "AVAILABLE",
                            "time_created": "2019-01-21 03:17:57.677 +0000 UTC",
                            "vcn_id": "ocid1.vcn.oc1.iad.aaaaaaaa4l3zwiecvq473o5z4ubx2y4hqtlwgbzsr2ws5nrysxqiob4lp4dq",
                            "virtual_router_ip": "10.0.0.1",
                            "virtual_router_mac": "00:00:17:91:0B:25"
                        },
                        "meta": {
                            "e2bfb730-ecaa-11e6-8f88-34363bc7c4c0": {
                                "create": 900000000000,
                                "delete": 900000000000,
                                "update": 900000000000
                            }
                        },
                        "tainted": false
                    },
                    "deposed": [],
                    "provider": "provider.oci"
                },
                "oci_core_subnet.NISClientSubnetAD": {
                    "type": "oci_core_subnet",
                    "depends_on": [
                        "data.template_file.ad_names.*",
                        "oci_core_route_table.PrivateRouteTable",
                        "oci_core_virtual_network.NISVCN"
                    ],
                    "primary": {
                        "id": "ocid1.subnet.oc1.iad.aaaaaaaaunvxq4ly7zclaenbuv47ys5c4hu3zaftjtgakvokgn5gmpaggvbq",
                        "attributes": {
                            "availability_domain": "NyKp:US-ASHBURN-AD-1",
                            "cidr_block": "10.0.0.16/28",
                            "compartment_id": "ocid1.compartment.oc1..aaaaaaaawzlfllc7kkf62dzkes75urrxfxppz5fjphx27a7k5fk5jnzvyhiq",
                            "defined_tags.%": "0",
                            "dhcp_options_id": "ocid1.dhcpoptions.oc1.iad.aaaaaaaamqloaovm5m4zt4bzbip7a6wbdfr6uyzr7tytdbekwccdgehtvvyq",
                            "display_name": "clientSubnetAD",
                            "dns_label": "niscli",
                            "freeform_tags.%": "0",
                            "id": "ocid1.subnet.oc1.iad.aaaaaaaaunvxq4ly7zclaenbuv47ys5c4hu3zaftjtgakvokgn5gmpaggvbq",
                            "prohibit_public_ip_on_vnic": "false",
                            "route_table_id": "ocid1.routetable.oc1.iad.aaaaaaaabcfh6vnd5v5aeoc6k4f4nyuhffvbpvm74kv2bokcmc6iuenriibq",
                            "security_list_ids.#": "1",
                            "security_list_ids.1163882911": "ocid1.securitylist.oc1.iad.aaaaaaaaeejkupgnxci2vymcjcalnwpmngbtzppw2hdyc3bpkeaxwinff45a",
                            "state": "AVAILABLE",
                            "subnet_domain_name": "niscli.nis.oraclevcn.com",
                            "time_created": "2019-01-21 03:17:59.349 +0000 UTC",
                            "vcn_id": "ocid1.vcn.oc1.iad.aaaaaaaa4l3zwiecvq473o5z4ubx2y4hqtlwgbzsr2ws5nrysxqiob4lp4dq",
                            "virtual_router_ip": "10.0.0.17",
                            "virtual_router_mac": "00:00:17:91:0B:25"
                        },
                        "meta": {
                            "e2bfb730-ecaa-11e6-8f88-34363bc7c4c0": {
                                "create": 900000000000,
                                "delete": 900000000000,
                                "update": 900000000000
                            }
                        },
                        "tainted": false
                    },
                    "deposed": [],
                    "provider": "provider.oci"
                },
                "oci_core_subnet.NISServerSubnetAD": {
                    "type": "oci_core_subnet",
                    "depends_on": [
                        "data.template_file.ad_names.*",
                        "oci_core_route_table.PrivateRouteTable",
                        "oci_core_security_list.PrivateSeclist",
                        "oci_core_virtual_network.NISVCN"
                    ],
                    "primary": {
                        "id": "ocid1.subnet.oc1.iad.aaaaaaaallhlp6m7vucfuv2izlygtwbjqhrpmksc2dfzsdoym5zqcdq3nu7a",
                        "attributes": {
                            "availability_domain": "NyKp:US-ASHBURN-AD-1",
                            "cidr_block": "10.0.1.0/24",
                            "compartment_id": "ocid1.compartment.oc1..aaaaaaaawzlfllc7kkf62dzkes75urrxfxppz5fjphx27a7k5fk5jnzvyhiq",
                            "defined_tags.%": "0",
                            "dhcp_options_id": "ocid1.dhcpoptions.oc1.iad.aaaaaaaamqloaovm5m4zt4bzbip7a6wbdfr6uyzr7tytdbekwccdgehtvvyq",
                            "display_name": "serverSubnetAD",
                            "dns_label": "nisser",
                            "freeform_tags.%": "0",
                            "id": "ocid1.subnet.oc1.iad.aaaaaaaallhlp6m7vucfuv2izlygtwbjqhrpmksc2dfzsdoym5zqcdq3nu7a",
                            "prohibit_public_ip_on_vnic": "false",
                            "route_table_id": "ocid1.routetable.oc1.iad.aaaaaaaabcfh6vnd5v5aeoc6k4f4nyuhffvbpvm74kv2bokcmc6iuenriibq",
                            "security_list_ids.#": "1",
                            "security_list_ids.2697331147": "ocid1.securitylist.oc1.iad.aaaaaaaapecpuj2ejjcnhox5374glt727fhzwuwvzonms76uwlzl5ellw7jq",
                            "state": "AVAILABLE",
                            "subnet_domain_name": "nisser.nis.oraclevcn.com",
                            "time_created": "2019-01-21 03:17:59.108 +0000 UTC",
                            "vcn_id": "ocid1.vcn.oc1.iad.aaaaaaaa4l3zwiecvq473o5z4ubx2y4hqtlwgbzsr2ws5nrysxqiob4lp4dq",
                            "virtual_router_ip": "10.0.1.1",
                            "virtual_router_mac": "00:00:17:91:0B:25"
                        },
                        "meta": {
                            "e2bfb730-ecaa-11e6-8f88-34363bc7c4c0": {
                                "create": 900000000000,
                                "delete": 900000000000,
                                "update": 900000000000
                            }
                        },
                        "tainted": false
                    },
                    "deposed": [],
                    "provider": "provider.oci"
                },
                "oci_core_virtual_network.NISVCN": {
                    "type": "oci_core_virtual_network",
                    "depends_on": [],
                    "primary": {
                        "id": "ocid1.vcn.oc1.iad.aaaaaaaa4l3zwiecvq473o5z4ubx2y4hqtlwgbzsr2ws5nrysxqiob4lp4dq",
                        "attributes": {
                            "cidr_block": "10.0.0.0/16",
                            "compartment_id": "ocid1.compartment.oc1..aaaaaaaawzlfllc7kkf62dzkes75urrxfxppz5fjphx27a7k5fk5jnzvyhiq",
                            "default_dhcp_options_id": "ocid1.dhcpoptions.oc1.iad.aaaaaaaamqloaovm5m4zt4bzbip7a6wbdfr6uyzr7tytdbekwccdgehtvvyq",
                            "default_route_table_id": "ocid1.routetable.oc1.iad.aaaaaaaa4lklwxwyqr2megtyyexsvfbfc7e53wxk26q6zkia2w3obd3zcspa",
                            "default_security_list_id": "ocid1.securitylist.oc1.iad.aaaaaaaaeejkupgnxci2vymcjcalnwpmngbtzppw2hdyc3bpkeaxwinff45a",
                            "defined_tags.%": "0",
                            "display_name": "NISVCN",
                            "dns_label": "nis",
                            "freeform_tags.%": "0",
                            "id": "ocid1.vcn.oc1.iad.aaaaaaaa4l3zwiecvq473o5z4ubx2y4hqtlwgbzsr2ws5nrysxqiob4lp4dq",
                            "state": "AVAILABLE",
                            "time_created": "2019-01-21 03:17:55.76 +0000 UTC",
                            "vcn_domain_name": "nis.oraclevcn.com"
                        },
                        "meta": {
                            "e2bfb730-ecaa-11e6-8f88-34363bc7c4c0": {
                                "create": 900000000000,
                                "delete": 900000000000,
                                "update": 900000000000
                            }
                        },
                        "tainted": false
                    },
                    "deposed": [],
                    "provider": "provider.oci"
                }
            },
            "depends_on": []
        },
        {
            "path": [
                "root",
                "setup_nis"
            ],
            "outputs": {
                "client_host_names": {
                    "sensitive": false,
                    "type": "list",
                    "value": [
                        "nis-client1",
                        "nis-client2"
                    ]
                },
                "client_ids": {
                    "sensitive": false,
                    "type": "list",
                    "value": [
                        "ocid1.instance.oc1.iad.abuwcljsw5bgtkbmiunkebkjzvmrz3fhpx2rubgkbbqqtghwewk6esv74nka",
                        "ocid1.instance.oc1.iad.abuwcljsxgrufjfdjimcjaemtua3uymjgpcd6odocvestc2wnv6ggmq2zlsa"
                    ]
                },
                "client_private_ips": {
                    "sensitive": false,
                    "type": "list",
                    "value": [
                        "10.0.0.19",
                        "10.0.0.18"
                    ]
                },
                "server_host_names": {
                    "sensitive": false,
                    "type": "string",
                    "value": "nis-server"
                },
                "server_ids": {
                    "sensitive": false,
                    "type": "string",
                    "value": "ocid1.instance.oc1.iad.abuwcljsz2a25zddomx23bq7dfjbsidn3mgtk7fazpxwvyyzs23rafkpe3aq"
                },
                "server_private_ips": {
                    "sensitive": false,
                    "type": "string",
                    "value": "10.0.1.2"
                }
            },
            "resources": {},
            "depends_on": []
        },
        {
            "path": [
                "root",
                "setup_nis",
                "nis-client"
            ],
            "outputs": {
                "host_names": {
                    "sensitive": false,
                    "type": "list",
                    "value": [
                        "nis-client1",
                        "nis-client2"
                    ]
                },
                "ids": {
                    "sensitive": false,
                    "type": "list",
                    "value": [
                        "ocid1.instance.oc1.iad.abuwcljsw5bgtkbmiunkebkjzvmrz3fhpx2rubgkbbqqtghwewk6esv74nka",
                        "ocid1.instance.oc1.iad.abuwcljsxgrufjfdjimcjaemtua3uymjgpcd6odocvestc2wnv6ggmq2zlsa"
                    ]
                },
                "private_ips": {
                    "sensitive": false,
                    "type": "list",
                    "value": [
                        "10.0.0.19",
                        "10.0.0.18"
                    ]
                }
            },
            "resources": {
                "data.template_file.setup_nis_client": {
                    "type": "template_file",
                    "depends_on": [],
                    "primary": {
                        "id": "f6e65acb93e1fbdfde045fd8d6eb70a972c940288237300e97b8dd22343410a9",
                        "attributes": {
                            "id": "f6e65acb93e1fbdfde045fd8d6eb70a972c940288237300e97b8dd22343410a9",
                            "rendered": "#!/bin/bash\n#######################################################################################################################################################\n### This bootstrap script runs on glusterfs clients and does the following\n### 1- Install gluster packages on all nodes\n### 2- Mount client to the glusterFS server volume\n### 3- Check if mounted successfully by command \"df\"\n######################################################################################################################################################\n\nexec \u0026\u003e bootstrap-client-logfile.txt\nset -x\n\nexport server_host_name=\"nis-server\"\necho \"server_host_name is $server_host_name\"\n\nexport nis_domain_name=\"nis.oci.com\"\necho \"nis_domain_name is $nis_domain_name\"\n\nexport server_domain_name=\"nisser.nis.oraclevcn.com\"\necho \"server_domain_name is $server_domain_name\"\n\nexport nis_server_full_hostname=$server_host_name.$server_domain_name\necho \"nis_server_full_hostname is $nis_server_full_hostname\"\n\nexport nis_sudo_group_name=\"sudogroup\"\necho \"nis_sudo_group_name is $nis_sudo_group_name\"\n\n\nyum -y install ypbind-1.37.1-9.el7.x86_64 rpcbind-0.2.0-47.el7.x86_64\nypdomainname $nis_domain_name\necho \"NISDOMAIN=$nis_domain_name\" \u003e\u003e /etc/sysconfig/network\ncat /etc/sysconfig/network\nauthconfig --enablenis --nisdomain=$nis_domain_name --nisserver=$nis_server_full_hostname --enablemkhomedir --update\nsystemctl start rpcbind ypbind\necho '%${nis_sudo_group_name}      ALL=(ALL)       NOPASSWD: ALL' \u003e\u003e /etc/sudoers\ngetent passwd | grep nistest\ngetent group| grep nistest\ngetent group $nis_sudo_group_name\nid nistest\n",
                            "template": "#!/bin/bash\n#######################################################################################################################################################\n### This bootstrap script runs on glusterfs clients and does the following\n### 1- Install gluster packages on all nodes\n### 2- Mount client to the glusterFS server volume\n### 3- Check if mounted successfully by command \"df\"\n######################################################################################################################################################\n\nexec \u0026\u003e bootstrap-client-logfile.txt\nset -x\n\nexport server_host_name=\"${server_host_name}\"\necho \"server_host_name is $server_host_name\"\n\nexport nis_domain_name=\"${nis_domain_name}\"\necho \"nis_domain_name is $nis_domain_name\"\n\nexport server_domain_name=\"${server_domain_name}\"\necho \"server_domain_name is $server_domain_name\"\n\nexport nis_server_full_hostname=$server_host_name.$server_domain_name\necho \"nis_server_full_hostname is $nis_server_full_hostname\"\n\nexport nis_sudo_group_name=\"${nis_sudo_group_name}\"\necho \"nis_sudo_group_name is $nis_sudo_group_name\"\n\n\nyum -y install ypbind-1.37.1-9.el7.x86_64 rpcbind-0.2.0-47.el7.x86_64\nypdomainname $nis_domain_name\necho \"NISDOMAIN=$nis_domain_name\" \u003e\u003e /etc/sysconfig/network\ncat /etc/sysconfig/network\nauthconfig --enablenis --nisdomain=$nis_domain_name --nisserver=$nis_server_full_hostname --enablemkhomedir --update\nsystemctl start rpcbind ypbind\necho '%${nis_sudo_group_name}      ALL=(ALL)       NOPASSWD: ALL' \u003e\u003e /etc/sudoers\ngetent passwd | grep nistest\ngetent group| grep nistest\ngetent group $nis_sudo_group_name\nid nistest\n",
                            "vars.%": "5",
                            "vars.nis_domain_name": "nis.oci.com",
                            "vars.nis_sudo_group_name": "sudogroup",
                            "vars.server_domain_name": "nisser.nis.oraclevcn.com",
                            "vars.server_host_name": "nis-server",
                            "vars.server_id": "ocid1.instance.oc1.iad.abuwcljsz2a25zddomx23bq7dfjbsidn3mgtk7fazpxwvyyzs23rafkpe3aq"
                        },
                        "meta": {},
                        "tainted": false
                    },
                    "deposed": [],
                    "provider": "provider.template"
                },
                "oci_core_instance.NISClientInstances.0": {
                    "type": "oci_core_instance",
                    "depends_on": [
                        "data.template_file.setup_nis_client"
                    ],
                    "primary": {
                        "id": "ocid1.instance.oc1.iad.abuwcljsw5bgtkbmiunkebkjzvmrz3fhpx2rubgkbbqqtghwewk6esv74nka",
                        "attributes": {
                            "availability_domain": "NyKp:US-ASHBURN-AD-1",
                            "boot_volume_id": "ocid1.bootvolume.oc1.iad.abuwcljstgf75ppneix62ia4tlewwawvzz25qc2nj4rt42il6l66xulodnfq",
                            "compartment_id": "ocid1.compartment.oc1..aaaaaaaawzlfllc7kkf62dzkes75urrxfxppz5fjphx27a7k5fk5jnzvyhiq",
                            "create_vnic_details.#": "1",
                            "create_vnic_details.0.assign_public_ip": "false",
                            "create_vnic_details.0.defined_tags.%": "0",
                            "create_vnic_details.0.display_name": "nis-client1",
                            "create_vnic_details.0.freeform_tags.%": "0",
                            "create_vnic_details.0.hostname_label": "nis-client1",
                            "create_vnic_details.0.private_ip": "10.0.0.19",
                            "create_vnic_details.0.skip_source_dest_check": "false",
                            "create_vnic_details.0.subnet_id": "ocid1.subnet.oc1.iad.aaaaaaaaunvxq4ly7zclaenbuv47ys5c4hu3zaftjtgakvokgn5gmpaggvbq",
                            "defined_tags.%": "0",
                            "display_name": "nis-client1",
                            "fault_domain": "FAULT-DOMAIN-1",
                            "freeform_tags.%": "0",
                            "hostname_label": "nis-client1",
                            "id": "ocid1.instance.oc1.iad.abuwcljsw5bgtkbmiunkebkjzvmrz3fhpx2rubgkbbqqtghwewk6esv74nka",
                            "image": "ocid1.image.oc1.iad.aaaaaaaageeenzyuxgia726xur4ztaoxbxyjlxogdhreu3ngfj2gji3bayda",
                            "launch_mode": "NATIVE",
                            "launch_options.#": "1",
                            "launch_options.0.boot_volume_type": "PARAVIRTUALIZED",
                            "launch_options.0.firmware": "UEFI_64",
                            "launch_options.0.is_pv_encryption_in_transit_enabled": "true",
                            "launch_options.0.network_type": "VFIO",
                            "launch_options.0.remote_data_volume_type": "PARAVIRTUALIZED",
                            "metadata.%": "1",
                            "metadata.ssh_authorized_keys": "ssh-rsa AAAAB3NzaC1yc2EAAAADAQABAAABAQDPzYpYMixwDTjFk7DCfI8DkGmExZ9oXXfZ1yEweQbwxks7f13+SKooQqvJXEW0BOSW2PC/myS4AZ7E4wxKaXROtObtXVi87ekegR6TNjskWkwgC5sfSUxsJxCtsm3jIJOJx9km3pXNC+E/82IeOFFJfuXTeh8Gr12fnS6dREzxSay3sn4KOum/YuwV+MEj00w5Dv4+f7lm0XOewNdbrCaTT89j/9yOQu5ylEoL7eiWalAYTaAiNbC+yHt/CCm4FxkY2HJUYPS6i93QbXLl5UxuLDN7jkCfwMkDZE5xl+6q4/WwBE7i9wbnWoM4K9j0cjXYdhjCAxwDt3VS5nWAHElL opc@ying-terraformldap\n",
                            "private_ip": "10.0.0.19",
                            "public_ip": "",
                            "region": "iad",
                            "shape": "VM.Standard2.1",
                            "source_details.#": "1",
                            "source_details.0.boot_volume_size_in_gbs": "47",
                            "source_details.0.kms_key_id": "",
                            "source_details.0.source_id": "ocid1.image.oc1.iad.aaaaaaaageeenzyuxgia726xur4ztaoxbxyjlxogdhreu3ngfj2gji3bayda",
                            "source_details.0.source_type": "image",
                            "state": "RUNNING",
                            "subnet_id": "ocid1.subnet.oc1.iad.aaaaaaaaunvxq4ly7zclaenbuv47ys5c4hu3zaftjtgakvokgn5gmpaggvbq",
                            "time_created": "2019-01-21 03:21:54.129 +0000 UTC",
                            "time_maintenance_reboot_due": ""
                        },
                        "meta": {
                            "e2bfb730-ecaa-11e6-8f88-34363bc7c4c0": {
                                "create": 900000000000,
                                "delete": 7200000000000,
                                "update": 7200000000000
                            }
                        },
                        "tainted": false
                    },
                    "deposed": [],
                    "provider": "provider.oci"
                },
                "oci_core_instance.NISClientInstances.1": {
                    "type": "oci_core_instance",
                    "depends_on": [
                        "data.template_file.setup_nis_client"
                    ],
                    "primary": {
                        "id": "ocid1.instance.oc1.iad.abuwcljsxgrufjfdjimcjaemtua3uymjgpcd6odocvestc2wnv6ggmq2zlsa",
                        "attributes": {
                            "availability_domain": "NyKp:US-ASHBURN-AD-1",
                            "boot_volume_id": "ocid1.bootvolume.oc1.iad.abuwcljsdnqgyhj5fgigp27kz3auarwigdkzzx6q3ywjxloiyxtqonjkoxpa",
                            "compartment_id": "ocid1.compartment.oc1..aaaaaaaawzlfllc7kkf62dzkes75urrxfxppz5fjphx27a7k5fk5jnzvyhiq",
                            "create_vnic_details.#": "1",
                            "create_vnic_details.0.assign_public_ip": "false",
                            "create_vnic_details.0.defined_tags.%": "0",
                            "create_vnic_details.0.display_name": "nis-client2",
                            "create_vnic_details.0.freeform_tags.%": "0",
                            "create_vnic_details.0.hostname_label": "nis-client2",
                            "create_vnic_details.0.private_ip": "10.0.0.18",
                            "create_vnic_details.0.skip_source_dest_check": "false",
                            "create_vnic_details.0.subnet_id": "ocid1.subnet.oc1.iad.aaaaaaaaunvxq4ly7zclaenbuv47ys5c4hu3zaftjtgakvokgn5gmpaggvbq",
                            "defined_tags.%": "0",
                            "display_name": "nis-client2",
                            "fault_domain": "FAULT-DOMAIN-1",
                            "freeform_tags.%": "0",
                            "hostname_label": "nis-client2",
                            "id": "ocid1.instance.oc1.iad.abuwcljsxgrufjfdjimcjaemtua3uymjgpcd6odocvestc2wnv6ggmq2zlsa",
                            "image": "ocid1.image.oc1.iad.aaaaaaaageeenzyuxgia726xur4ztaoxbxyjlxogdhreu3ngfj2gji3bayda",
                            "launch_mode": "NATIVE",
                            "launch_options.#": "1",
                            "launch_options.0.boot_volume_type": "PARAVIRTUALIZED",
                            "launch_options.0.firmware": "UEFI_64",
                            "launch_options.0.is_pv_encryption_in_transit_enabled": "true",
                            "launch_options.0.network_type": "VFIO",
                            "launch_options.0.remote_data_volume_type": "PARAVIRTUALIZED",
                            "metadata.%": "1",
                            "metadata.ssh_authorized_keys": "ssh-rsa AAAAB3NzaC1yc2EAAAADAQABAAABAQDPzYpYMixwDTjFk7DCfI8DkGmExZ9oXXfZ1yEweQbwxks7f13+SKooQqvJXEW0BOSW2PC/myS4AZ7E4wxKaXROtObtXVi87ekegR6TNjskWkwgC5sfSUxsJxCtsm3jIJOJx9km3pXNC+E/82IeOFFJfuXTeh8Gr12fnS6dREzxSay3sn4KOum/YuwV+MEj00w5Dv4+f7lm0XOewNdbrCaTT89j/9yOQu5ylEoL7eiWalAYTaAiNbC+yHt/CCm4FxkY2HJUYPS6i93QbXLl5UxuLDN7jkCfwMkDZE5xl+6q4/WwBE7i9wbnWoM4K9j0cjXYdhjCAxwDt3VS5nWAHElL opc@ying-terraformldap\n",
                            "private_ip": "10.0.0.18",
                            "public_ip": "",
                            "region": "iad",
                            "shape": "VM.Standard2.1",
                            "source_details.#": "1",
                            "source_details.0.boot_volume_size_in_gbs": "47",
                            "source_details.0.kms_key_id": "",
                            "source_details.0.source_id": "ocid1.image.oc1.iad.aaaaaaaageeenzyuxgia726xur4ztaoxbxyjlxogdhreu3ngfj2gji3bayda",
                            "source_details.0.source_type": "image",
                            "state": "RUNNING",
                            "subnet_id": "ocid1.subnet.oc1.iad.aaaaaaaaunvxq4ly7zclaenbuv47ys5c4hu3zaftjtgakvokgn5gmpaggvbq",
                            "time_created": "2019-01-21 03:21:53.706 +0000 UTC",
                            "time_maintenance_reboot_due": ""
                        },
                        "meta": {
                            "e2bfb730-ecaa-11e6-8f88-34363bc7c4c0": {
                                "create": 900000000000,
                                "delete": 7200000000000,
                                "update": 7200000000000
                            }
                        },
                        "tainted": false
                    },
                    "deposed": [],
                    "provider": "provider.oci"
                }
            },
            "depends_on": []
        },
        {
            "path": [
                "root",
                "setup_nis",
                "nis-server"
            ],
            "outputs": {
                "domain_name": {
                    "sensitive": false,
                    "type": "string",
                    "value": "nisser.nis.oraclevcn.com"
                },
                "host_name": {
                    "sensitive": false,
                    "type": "string",
                    "value": "nis-server"
                },
                "id": {
                    "sensitive": false,
                    "type": "string",
                    "value": "ocid1.instance.oc1.iad.abuwcljsz2a25zddomx23bq7dfjbsidn3mgtk7fazpxwvyyzs23rafkpe3aq"
                },
                "private_ip": {
                    "sensitive": false,
                    "type": "string",
                    "value": "10.0.1.2"
                }
            },
            "resources": {
                "data.oci_core_subnet.server_subnet": {
                    "type": "oci_core_subnet",
                    "depends_on": [],
                    "primary": {
                        "id": "ocid1.subnet.oc1.iad.aaaaaaaallhlp6m7vucfuv2izlygtwbjqhrpmksc2dfzsdoym5zqcdq3nu7a",
                        "attributes": {
                            "availability_domain": "NyKp:US-ASHBURN-AD-1",
                            "cidr_block": "10.0.1.0/24",
                            "compartment_id": "ocid1.compartment.oc1..aaaaaaaawzlfllc7kkf62dzkes75urrxfxppz5fjphx27a7k5fk5jnzvyhiq",
                            "defined_tags.%": "0",
                            "dhcp_options_id": "ocid1.dhcpoptions.oc1.iad.aaaaaaaamqloaovm5m4zt4bzbip7a6wbdfr6uyzr7tytdbekwccdgehtvvyq",
                            "display_name": "serverSubnetAD",
                            "dns_label": "nisser",
                            "freeform_tags.%": "0",
                            "id": "ocid1.subnet.oc1.iad.aaaaaaaallhlp6m7vucfuv2izlygtwbjqhrpmksc2dfzsdoym5zqcdq3nu7a",
                            "prohibit_public_ip_on_vnic": "false",
                            "route_table_id": "ocid1.routetable.oc1.iad.aaaaaaaabcfh6vnd5v5aeoc6k4f4nyuhffvbpvm74kv2bokcmc6iuenriibq",
                            "security_list_ids.#": "1",
                            "security_list_ids.0": "ocid1.securitylist.oc1.iad.aaaaaaaapecpuj2ejjcnhox5374glt727fhzwuwvzonms76uwlzl5ellw7jq",
                            "state": "AVAILABLE",
                            "subnet_domain_name": "nisser.nis.oraclevcn.com",
                            "subnet_id": "ocid1.subnet.oc1.iad.aaaaaaaallhlp6m7vucfuv2izlygtwbjqhrpmksc2dfzsdoym5zqcdq3nu7a",
                            "time_created": "2019-01-21 03:17:59.108 +0000 UTC",
                            "vcn_id": "ocid1.vcn.oc1.iad.aaaaaaaa4l3zwiecvq473o5z4ubx2y4hqtlwgbzsr2ws5nrysxqiob4lp4dq",
                            "virtual_router_ip": "10.0.1.1",
                            "virtual_router_mac": "00:00:17:91:0B:25"
                        },
                        "meta": {},
                        "tainted": false
                    },
                    "deposed": [],
                    "provider": "provider.oci"
                },
                "data.template_file.install_nis_server": {
                    "type": "template_file",
                    "depends_on": [],
                    "primary": {
                        "id": "25200498e66262702141dbaa969d32ac6624bed2bac0daab899abd8e072729ff",
                        "attributes": {
                            "id": "25200498e66262702141dbaa969d32ac6624bed2bac0daab899abd8e072729ff",
                            "rendered": "#!/bin/bash\n#######################################################################################################################################################\n### This bootstrap script runs on glusterfs servers and does the following\n### 1- install \u0026 start glusterfs server packages on all server nodes\n### 2- Prepare bricks for creating glusterfs volume\n### 3- Only open the needed ports in firewall\n### 4- Add each sever into glusterfs peers\n######################################################################################################################################################\n\nexec \u0026\u003e bootstrap-server-logfile.txt\nset -x\n\n\nexport nis_server_sercure_net_list=\"\"\necho \"nis_server_sercure_net_list is $nis_server_sercure_net_list\"\nnis_server_sercure_net_array=($nis_server_sercure_net_list)\nnis_server_sercure_net_array_size=\"${#nis_server_sercure_net_array[@]}\"\necho \"nis_server_sercure_net_array_size is $nis_server_sercure_net_array_size\"\n\nexport nis_sudo_group_name=\"sudogroup\"\necho \"nis_sudo_group_name is $nis_sudo_group_name\"\n\nyum -y install ypserv-2.31-11.el7.x86_64 rpcbind-0.2.0-47.el7.x86_64 expect-5.45-14.el7_1.x86_64\nthis_hostname=`hostname -f`\necho $this_hostname\n#first_dot_index=`expr index $this_hostname '.'`\n#nis_domain_idex=$((first_dot_index + 1))\n#nis_domain_name=`expr substr $this_hostname $nis_domain_idex ${#this_hostname}`\n\nexport nis_domain_name=\"nis.oci.com\"\necho \"nis_domain_name is $nis_domain_name\"\necho $nis_domain_name\n\nypdomainname $nis_domain_name\necho \"NISDOMAIN=$nis_domain_name\" \u003e\u003e /etc/sysconfig/network\ncat /etc/sysconfig/network\ncat /etc/hosts\n\nif [ nis_server_sercure_net_array_size \u003e 0]; then\n    touch /var/yp/securenets\n    for ((i=0; i\u003c=nis_server_sercure_net_array_size-1; i++)); do\n       export tmp_sercure_net=${nis_server_sercure_net_array[i]}\n       echo $tmp_sercure_net \u003e\u003e/var/yp/securenets\n    done\nfi\n\ncat /var/yp/securenets\nsystemctl start rpcbind ypserv ypxfrd yppasswdd\nsystemctl enable rpcbind ypserv ypxfrd yppasswdd\n\n/usr/bin/expect \u003c\u003cEOD\nspawn /usr/lib64/yp/ypinit -m\nexpect \"next host to add:\"\nsend \"\\x04\"\nsend \"\\r\"\nsend \"\\r\"\nsend \"\\r\"\nexpect \"\\]\\s*\"\nsend \"y\\r\"\ninteract\nEOD\n\necho 'YPSERV_ARGS=\"-p 944\"' \u003e\u003e/etc/sysconfig/network\necho 'YPXFRD_ARGS=\"-p 945\"' \u003e\u003e/etc/sysconfig/network\ncat /etc/sysconfig/network\nsed -i 's/YPPASSWDD_ARGS=/YPPASSWDD_ARGS=\"--port 946\"/g' /etc/sysconfig/yppasswdd\ncat /etc/sysconfig/yppasswdd\nfirewall-cmd --add-service=rpc-bind --permanent\nfirewall-cmd --add-port=944/tcp --permanent\nfirewall-cmd --add-port=944/udp --permanent\nfirewall-cmd --add-port=945/tcp --permanent\nfirewall-cmd --add-port=945/udp --permanent\nfirewall-cmd --add-port=946/udp --permanent\nfirewall-cmd --reload\nsestatus\nsetenforce 0\nsestatus\nsed -i 's/SELINUX=enforcing/SELINUX=disabled/g' /etc/selinux/config\ncat /etc/selinux/config\n\nsystemctl restart rpcbind ypserv ypxfrd yppasswdd\nuseradd nistest\n/usr/bin/expect \u003c\u003cEOD\nspawn passwd nistest\nexpect \"*New password:*\"\nsend \"DPdengjia8*\\r\"\nexpect \":\"\nsend \"DPdengjia8*\\r\"\nexpect \".\"\ninteract\nEOD\n\ngroupadd $nis_sudo_group_name\nusermod -a -G $nis_sudo_group_name nistest\nid nistest\necho '%${nis_sudo_group_name}      ALL=(ALL)       NOPASSWD: ALL' \u003e\u003e /etc/sudoers\n\ncd /var/yp\nls\nmake\nls\ngetent passwd|grep nistest\ngetent group $nis_sudo_group_name\n\n\n",
                            "template": "#!/bin/bash\n#######################################################################################################################################################\n### This bootstrap script runs on glusterfs servers and does the following\n### 1- install \u0026 start glusterfs server packages on all server nodes\n### 2- Prepare bricks for creating glusterfs volume\n### 3- Only open the needed ports in firewall\n### 4- Add each sever into glusterfs peers\n######################################################################################################################################################\n\nexec \u0026\u003e bootstrap-server-logfile.txt\nset -x\n\n\nexport nis_server_sercure_net_list=\"${nis_server_sercure_net_list}\"\necho \"nis_server_sercure_net_list is $nis_server_sercure_net_list\"\nnis_server_sercure_net_array=($nis_server_sercure_net_list)\nnis_server_sercure_net_array_size=\"$${#nis_server_sercure_net_array[@]}\"\necho \"nis_server_sercure_net_array_size is $nis_server_sercure_net_array_size\"\n\nexport nis_sudo_group_name=\"${nis_sudo_group_name}\"\necho \"nis_sudo_group_name is $nis_sudo_group_name\"\n\nyum -y install ypserv-2.31-11.el7.x86_64 rpcbind-0.2.0-47.el7.x86_64 expect-5.45-14.el7_1.x86_64\nthis_hostname=`hostname -f`\necho $this_hostname\n#first_dot_index=`expr index $this_hostname '.'`\n#nis_domain_idex=$((first_dot_index + 1))\n#nis_domain_name=`expr substr $this_hostname $nis_domain_idex $${#this_hostname}`\n\nexport nis_domain_name=\"${nis_domain_name}\"\necho \"nis_domain_name is $nis_domain_name\"\necho $nis_domain_name\n\nypdomainname $nis_domain_name\necho \"NISDOMAIN=$nis_domain_name\" \u003e\u003e /etc/sysconfig/network\ncat /etc/sysconfig/network\ncat /etc/hosts\n\nif [ nis_server_sercure_net_array_size \u003e 0]; then\n    touch /var/yp/securenets\n    for ((i=0; i\u003c=nis_server_sercure_net_array_size-1; i++)); do\n       export tmp_sercure_net=$${nis_server_sercure_net_array[i]}\n       echo $tmp_sercure_net \u003e\u003e/var/yp/securenets\n    done\nfi\n\ncat /var/yp/securenets\nsystemctl start rpcbind ypserv ypxfrd yppasswdd\nsystemctl enable rpcbind ypserv ypxfrd yppasswdd\n\n/usr/bin/expect \u003c\u003cEOD\nspawn /usr/lib64/yp/ypinit -m\nexpect \"next host to add:\"\nsend \"\\x04\"\nsend \"\\r\"\nsend \"\\r\"\nsend \"\\r\"\nexpect \"\\]\\s*\"\nsend \"y\\r\"\ninteract\nEOD\n\necho 'YPSERV_ARGS=\"-p 944\"' \u003e\u003e/etc/sysconfig/network\necho 'YPXFRD_ARGS=\"-p 945\"' \u003e\u003e/etc/sysconfig/network\ncat /etc/sysconfig/network\nsed -i 's/YPPASSWDD_ARGS=/YPPASSWDD_ARGS=\"--port 946\"/g' /etc/sysconfig/yppasswdd\ncat /etc/sysconfig/yppasswdd\nfirewall-cmd --add-service=rpc-bind --permanent\nfirewall-cmd --add-port=944/tcp --permanent\nfirewall-cmd --add-port=944/udp --permanent\nfirewall-cmd --add-port=945/tcp --permanent\nfirewall-cmd --add-port=945/udp --permanent\nfirewall-cmd --add-port=946/udp --permanent\nfirewall-cmd --reload\nsestatus\nsetenforce 0\nsestatus\nsed -i 's/SELINUX=enforcing/SELINUX=disabled/g' /etc/selinux/config\ncat /etc/selinux/config\n\nsystemctl restart rpcbind ypserv ypxfrd yppasswdd\nuseradd nistest\n/usr/bin/expect \u003c\u003cEOD\nspawn passwd nistest\nexpect \"*New password:*\"\nsend \"DPdengjia8*\\r\"\nexpect \":\"\nsend \"DPdengjia8*\\r\"\nexpect \".\"\ninteract\nEOD\n\ngroupadd $nis_sudo_group_name\nusermod -a -G $nis_sudo_group_name nistest\nid nistest\necho '%${nis_sudo_group_name}      ALL=(ALL)       NOPASSWD: ALL' \u003e\u003e /etc/sudoers\n\ncd /var/yp\nls\nmake\nls\ngetent passwd|grep nistest\ngetent group $nis_sudo_group_name\n\n\n",
                            "vars.%": "3",
                            "vars.nis_domain_name": "nis.oci.com",
                            "vars.nis_server_sercure_net_list": "",
                            "vars.nis_sudo_group_name": "sudogroup"
                        },
                        "meta": {},
                        "tainted": false
                    },
                    "deposed": [],
                    "provider": "provider.template"
                },
                "oci_core_instance.NISServerInstance": {
                    "type": "oci_core_instance",
                    "depends_on": [
                        "data.template_file.install_nis_server"
                    ],
                    "primary": {
                        "id": "ocid1.instance.oc1.iad.abuwcljsz2a25zddomx23bq7dfjbsidn3mgtk7fazpxwvyyzs23rafkpe3aq",
                        "attributes": {
                            "availability_domain": "NyKp:US-ASHBURN-AD-1",
                            "boot_volume_id": "ocid1.bootvolume.oc1.iad.abuwcljsh44uk5d7u7yjmkbmkyatyvsnpshzsdoer5ybhaddnankum6jra6a",
                            "compartment_id": "ocid1.compartment.oc1..aaaaaaaawzlfllc7kkf62dzkes75urrxfxppz5fjphx27a7k5fk5jnzvyhiq",
                            "create_vnic_details.#": "1",
                            "create_vnic_details.0.assign_public_ip": "false",
                            "create_vnic_details.0.defined_tags.%": "0",
                            "create_vnic_details.0.display_name": "nis-server",
                            "create_vnic_details.0.freeform_tags.%": "0",
                            "create_vnic_details.0.hostname_label": "nis-server",
                            "create_vnic_details.0.private_ip": "10.0.1.2",
                            "create_vnic_details.0.skip_source_dest_check": "false",
                            "create_vnic_details.0.subnet_id": "ocid1.subnet.oc1.iad.aaaaaaaallhlp6m7vucfuv2izlygtwbjqhrpmksc2dfzsdoym5zqcdq3nu7a",
                            "defined_tags.%": "0",
                            "display_name": "nis-server",
                            "fault_domain": "FAULT-DOMAIN-2",
                            "freeform_tags.%": "0",
                            "hostname_label": "nis-server",
                            "id": "ocid1.instance.oc1.iad.abuwcljsz2a25zddomx23bq7dfjbsidn3mgtk7fazpxwvyyzs23rafkpe3aq",
                            "image": "ocid1.image.oc1.iad.aaaaaaaageeenzyuxgia726xur4ztaoxbxyjlxogdhreu3ngfj2gji3bayda",
                            "launch_mode": "NATIVE",
                            "launch_options.#": "1",
                            "launch_options.0.boot_volume_type": "PARAVIRTUALIZED",
                            "launch_options.0.firmware": "UEFI_64",
                            "launch_options.0.is_pv_encryption_in_transit_enabled": "true",
                            "launch_options.0.network_type": "VFIO",
                            "launch_options.0.remote_data_volume_type": "PARAVIRTUALIZED",
                            "metadata.%": "1",
                            "metadata.ssh_authorized_keys": "ssh-rsa AAAAB3NzaC1yc2EAAAADAQABAAABAQDPzYpYMixwDTjFk7DCfI8DkGmExZ9oXXfZ1yEweQbwxks7f13+SKooQqvJXEW0BOSW2PC/myS4AZ7E4wxKaXROtObtXVi87ekegR6TNjskWkwgC5sfSUxsJxCtsm3jIJOJx9km3pXNC+E/82IeOFFJfuXTeh8Gr12fnS6dREzxSay3sn4KOum/YuwV+MEj00w5Dv4+f7lm0XOewNdbrCaTT89j/9yOQu5ylEoL7eiWalAYTaAiNbC+yHt/CCm4FxkY2HJUYPS6i93QbXLl5UxuLDN7jkCfwMkDZE5xl+6q4/WwBE7i9wbnWoM4K9j0cjXYdhjCAxwDt3VS5nWAHElL opc@ying-terraformldap\n",
                            "private_ip": "10.0.1.2",
                            "public_ip": "",
                            "region": "iad",
                            "shape": "VM.Standard2.1",
                            "source_details.#": "1",
                            "source_details.0.boot_volume_size_in_gbs": "47",
                            "source_details.0.kms_key_id": "",
                            "source_details.0.source_id": "ocid1.image.oc1.iad.aaaaaaaageeenzyuxgia726xur4ztaoxbxyjlxogdhreu3ngfj2gji3bayda",
                            "source_details.0.source_type": "image",
                            "state": "RUNNING",
                            "subnet_id": "ocid1.subnet.oc1.iad.aaaaaaaallhlp6m7vucfuv2izlygtwbjqhrpmksc2dfzsdoym5zqcdq3nu7a",
                            "time_created": "2019-01-21 03:19:11.923 +0000 UTC",
                            "time_maintenance_reboot_due": ""
                        },
                        "meta": {
                            "e2bfb730-ecaa-11e6-8f88-34363bc7c4c0": {
                                "create": 900000000000,
                                "delete": 7200000000000,
                                "update": 7200000000000
                            }
                        },
                        "tainted": false
                    },
                    "deposed": [],
                    "provider": "provider.oci"
                }
            },
            "depends_on": []
        }
    ]
}
